
Microsoft Visual Studio Solution File, Format Version 12.00
# Visual Studio 14
VisualStudioVersion = 14.0.25420.1
MinimumVisualStudioVersion = 10.0.40219.1
Project("{FAE04EC0-301F-11D3-BF4B-00C04F79EFBC}") = "LaskinDemo", "LaskinDemo\LaskinDemo.csproj", "{5940C4F7-4570-4B43-B9E8-5BD5977B3592}"
EndProject
Project("{FAE04EC0-301F-11D3-BF4B-00C04F79EFBC}") = "LaskinDemoTests", "LaskinDemoTests\LaskinDemoTests.csproj", "{80AA90A7-214C-4FE1-8748-2D997BECCE78}"
EndProject
Global
	GlobalSection(SolutionConfigurationPlatforms) = preSolution
		Debug|Any CPU = Debug|Any CPU
		Release|Any CPU = Release|Any CPU
	EndGlobalSection
	GlobalSection(ProjectConfigurationPlatforms) = postSolution
		{5940C4F7-4570-4B43-B9E8-5BD5977B3592}.Debug|Any CPU.ActiveCfg = Debug|Any CPU
		{5940C4F7-4570-4B43-B9E8-5BD5977B3592}.Debug|Any CPU.Build.0 = Debug|Any CPU
		{5940C4F7-4570-4B43-B9E8-5BD5977B3592}.Release|Any CPU.ActiveCfg = Release|Any CPU
		{5940C4F7-4570-4B43-B9E8-5BD5977B3592}.Release|Any CPU.Build.0 = Release|Any CPU
		{80AA90A7-214C-4FE1-8748-2D997BECCE78}.Debug|Any CPU.ActiveCfg = Debug|Any CPU
		{80AA90A7-214C-4FE1-8748-2D997BECCE78}.Debug|Any CPU.Build.0 = Debug|Any CPU
		{80AA90A7-214C-4FE1-8748-2D997BECCE78}.Release|Any CPU.ActiveCfg = Release|Any CPU
		{80AA90A7-214C-4FE1-8748-2D997BECCE78}.Release|Any CPU.Build.0 = Release|Any CPU
	EndGlobalSection
	GlobalSection(SolutionProperties) = preSolution
		HideSolutionNode = FALSE
	EndGlobalSection
EndGlobal
